// !$*UTF8*$!
{
	archiveVersion = 1;
	classes = {
	};
	objectVersion = 46;
	objects = {

/* Begin PBXBuildFile section */
		8E07F0BF1F8470AB00CC2235 /* Card.swift in Sources */ = {isa = PBXBuildFile; fileRef = 8E07F0BE1F8470AB00CC2235 /* Card.swift */; };
		8E860EEC1F87F2D5009B3D2E /* IntroViewController.swift in Sources */ = {isa = PBXBuildFile; fileRef = 8E860EEB1F87F2D5009B3D2E /* IntroViewController.swift */; };
		8E9252E81F837C6900991683 /* Deck.swift in Sources */ = {isa = PBXBuildFile; fileRef = 8E9252E71F837C6900991683 /* Deck.swift */; };
		8EA18D921F820B6100069D64 /* AppDelegate.swift in Sources */ = {isa = PBXBuildFile; fileRef = 8EA18D911F820B6100069D64 /* AppDelegate.swift */; };
		8EA18D941F820B6200069D64 /* GameScene.sks in Resources */ = {isa = PBXBuildFile; fileRef = 8EA18D931F820B6200069D64 /* GameScene.sks */; };
		8EA18D961F820B6200069D64 /* Actions.sks in Resources */ = {isa = PBXBuildFile; fileRef = 8EA18D951F820B6200069D64 /* Actions.sks */; };
		8EA18D981F820B6200069D64 /* GameScene.swift in Sources */ = {isa = PBXBuildFile; fileRef = 8EA18D971F820B6200069D64 /* GameScene.swift */; };
		8EA18D9A1F820B6200069D64 /* GameViewController.swift in Sources */ = {isa = PBXBuildFile; fileRef = 8EA18D991F820B6200069D64 /* GameViewController.swift */; };
		8EA18D9D1F820B6200069D64 /* Main.storyboard in Resources */ = {isa = PBXBuildFile; fileRef = 8EA18D9B1F820B6200069D64 /* Main.storyboard */; };
		8EA18D9F1F820B6200069D64 /* Assets.xcassets in Resources */ = {isa = PBXBuildFile; fileRef = 8EA18D9E1F820B6200069D64 /* Assets.xcassets */; };
		8EA18DA21F820B6200069D64 /* LaunchScreen.storyboard in Resources */ = {isa = PBXBuildFile; fileRef = 8EA18DA01F820B6200069D64 /* LaunchScreen.storyboard */; };
		8EA18DAD1F820B6200069D64 /* BlackjackTests.swift in Sources */ = {isa = PBXBuildFile; fileRef = 8EA18DAC1F820B6200069D64 /* BlackjackTests.swift */; };
		8EA18DB81F820B6200069D64 /* BlackjackUITests.swift in Sources */ = {isa = PBXBuildFile; fileRef = 8EA18DB71F820B6200069D64 /* BlackjackUITests.swift */; };
		8EE9E0691F869EA10022973B /* Player.swift in Sources */ = {isa = PBXBuildFile; fileRef = 8EE9E0681F869EA10022973B /* Player.swift */; };
/* End PBXBuildFile section */

/* Begin PBXContainerItemProxy section */
		8EA18DA91F820B6200069D64 /* PBXContainerItemProxy */ = {
			isa = PBXContainerItemProxy;
			containerPortal = 8EA18D861F820B6100069D64 /* Project object */;
			proxyType = 1;
			remoteGlobalIDString = 8EA18D8D1F820B6100069D64;
			remoteInfo = Blackjack;
		};
		8EA18DB41F820B6200069D64 /* PBXContainerItemProxy */ = {
			isa = PBXContainerItemProxy;
			containerPortal = 8EA18D861F820B6100069D64 /* Project object */;
			proxyType = 1;
			remoteGlobalIDString = 8EA18D8D1F820B6100069D64;
			remoteInfo = Blackjack;
		};
/* End PBXContainerItemProxy section */

/* Begin PBXFileReference section */
		8E07F0BE1F8470AB00CC2235 /* Card.swift */ = {isa = PBXFileReference; fileEncoding = 4; lastKnownFileType = sourcecode.swift; path = Card.swift; sourceTree = "<group>"; };
		8E860EEB1F87F2D5009B3D2E /* IntroViewController.swift */ = {isa = PBXFileReference; fileEncoding = 4; lastKnownFileType = sourcecode.swift; path = IntroViewController.swift; sourceTree = "<group>"; };
		8E9252E71F837C6900991683 /* Deck.swift */ = {isa = PBXFileReference; fileEncoding = 4; lastKnownFileType = sourcecode.swift; path = Deck.swift; sourceTree = "<group>"; };
		8EA18D8E1F820B6100069D64 /* Blackjack.app */ = {isa = PBXFileReference; explicitFileType = wrapper.application; includeInIndex = 0; path = Blackjack.app; sourceTree = BUILT_PRODUCTS_DIR; };
		8EA18D911F820B6100069D64 /* AppDelegate.swift */ = {isa = PBXFileReference; lastKnownFileType = sourcecode.swift; path = AppDelegate.swift; sourceTree = "<group>"; };
		8EA18D931F820B6200069D64 /* GameScene.sks */ = {isa = PBXFileReference; lastKnownFileType = file.sks; path = GameScene.sks; sourceTree = "<group>"; };
		8EA18D951F820B6200069D64 /* Actions.sks */ = {isa = PBXFileReference; lastKnownFileType = file.sks; path = Actions.sks; sourceTree = "<group>"; };
		8EA18D971F820B6200069D64 /* GameScene.swift */ = {isa = PBXFileReference; lastKnownFileType = sourcecode.swift; path = GameScene.swift; sourceTree = "<group>"; };
		8EA18D991F820B6200069D64 /* GameViewController.swift */ = {isa = PBXFileReference; lastKnownFileType = sourcecode.swift; path = GameViewController.swift; sourceTree = "<group>"; };
		8EA18D9C1F820B6200069D64 /* Base */ = {isa = PBXFileReference; lastKnownFileType = file.storyboard; name = Base; path = Base.lproj/Main.storyboard; sourceTree = "<group>"; };
		8EA18D9E1F820B6200069D64 /* Assets.xcassets */ = {isa = PBXFileReference; lastKnownFileType = folder.assetcatalog; path = Assets.xcassets; sourceTree = "<group>"; };
		8EA18DA11F820B6200069D64 /* Base */ = {isa = PBXFileReference; lastKnownFileType = file.storyboard; name = Base; path = Base.lproj/LaunchScreen.storyboard; sourceTree = "<group>"; };
		8EA18DA31F820B6200069D64 /* Info.plist */ = {isa = PBXFileReference; lastKnownFileType = text.plist.xml; path = Info.plist; sourceTree = "<group>"; };
		8EA18DA81F820B6200069D64 /* BlackjackTests.xctest */ = {isa = PBXFileReference; explicitFileType = wrapper.cfbundle; includeInIndex = 0; path = BlackjackTests.xctest; sourceTree = BUILT_PRODUCTS_DIR; };
		8EA18DAC1F820B6200069D64 /* BlackjackTests.swift */ = {isa = PBXFileReference; lastKnownFileType = sourcecode.swift; path = BlackjackTests.swift; sourceTree = "<group>"; };
		8EA18DAE1F820B6200069D64 /* Info.plist */ = {isa = PBXFileReference; lastKnownFileType = text.plist.xml; path = Info.plist; sourceTree = "<group>"; };
		8EA18DB31F820B6200069D64 /* BlackjackUITests.xctest */ = {isa = PBXFileReference; explicitFileType = wrapper.cfbundle; includeInIndex = 0; path = BlackjackUITests.xctest; sourceTree = BUILT_PRODUCTS_DIR; };
		8EA18DB71F820B6200069D64 /* BlackjackUITests.swift */ = {isa = PBXFileReference; lastKnownFileType = sourcecode.swift; path = BlackjackUITests.swift; sourceTree = "<group>"; };
		8EA18DB91F820B6200069D64 /* Info.plist */ = {isa = PBXFileReference; lastKnownFileType = text.plist.xml; path = Info.plist; sourceTree = "<group>"; };
		8EE9E0681F869EA10022973B /* Player.swift */ = {isa = PBXFileReference; fileEncoding = 4; lastKnownFileType = sourcecode.swift; path = Player.swift; sourceTree = "<group>"; };
/* End PBXFileReference section */

/* Begin PBXFrameworksBuildPhase section */
		8EA18D8B1F820B6100069D64 /* Frameworks */ = {
			isa = PBXFrameworksBuildPhase;
			buildActionMask = 2147483647;
			files = (
			);
			runOnlyForDeploymentPostprocessing = 0;
		};
		8EA18DA51F820B6200069D64 /* Frameworks */ = {
			isa = PBXFrameworksBuildPhase;
			buildActionMask = 2147483647;
			files = (
			);
			runOnlyForDeploymentPostprocessing = 0;
		};
		8EA18DB01F820B6200069D64 /* Frameworks */ = {
			isa = PBXFrameworksBuildPhase;
			buildActionMask = 2147483647;
			files = (
			);
			runOnlyForDeploymentPostprocessing = 0;
		};
/* End PBXFrameworksBuildPhase section */

/* Begin PBXGroup section */
		8EA18D851F820B6100069D64 = {
			isa = PBXGroup;
			children = (
				8EA18D901F820B6100069D64 /* Blackjack */,
				8EA18DAB1F820B6200069D64 /* BlackjackTests */,
				8EA18DB61F820B6200069D64 /* BlackjackUITests */,
				8EA18D8F1F820B6100069D64 /* Products */,
			);
			sourceTree = "<group>";
		};
		8EA18D8F1F820B6100069D64 /* Products */ = {
			isa = PBXGroup;
			children = (
				8EA18D8E1F820B6100069D64 /* Blackjack.app */,
				8EA18DA81F820B6200069D64 /* BlackjackTests.xctest */,
				8EA18DB31F820B6200069D64 /* BlackjackUITests.xctest */,
			);
			name = Products;
			sourceTree = "<group>";
		};
		8EA18D901F820B6100069D64 /* Blackjack */ = {
			isa = PBXGroup;
			children = (
				8EA18D911F820B6100069D64 /* AppDelegate.swift */,
				8EA18D931F820B6200069D64 /* GameScene.sks */,
				8EA18D951F820B6200069D64 /* Actions.sks */,
				8EA18D971F820B6200069D64 /* GameScene.swift */,
				8EA18D991F820B6200069D64 /* GameViewController.swift */,
				8E860EEB1F87F2D5009B3D2E /* IntroViewController.swift */,
				8E9252E71F837C6900991683 /* Deck.swift */,
				8EE9E0681F869EA10022973B /* Player.swift */,
				8E07F0BE1F8470AB00CC2235 /* Card.swift */,
				8EA18D9B1F820B6200069D64 /* Main.storyboard */,
				8EA18D9E1F820B6200069D64 /* Assets.xcassets */,
				8EA18DA01F820B6200069D64 /* LaunchScreen.storyboard */,
				8EA18DA31F820B6200069D64 /* Info.plist */,
			);
			path = Blackjack;
			sourceTree = "<group>";
		};
		8EA18DAB1F820B6200069D64 /* BlackjackTests */ = {
			isa = PBXGroup;
			children = (
				8EA18DAC1F820B6200069D64 /* BlackjackTests.swift */,
				8EA18DAE1F820B6200069D64 /* Info.plist */,
			);
			path = BlackjackTests;
			sourceTree = "<group>";
		};
		8EA18DB61F820B6200069D64 /* BlackjackUITests */ = {
			isa = PBXGroup;
			children = (
				8EA18DB71F820B6200069D64 /* BlackjackUITests.swift */,
				8EA18DB91F820B6200069D64 /* Info.plist */,
			);
			path = BlackjackUITests;
			sourceTree = "<group>";
		};
/* End PBXGroup section */

/* Begin PBXNativeTarget section */
		8EA18D8D1F820B6100069D64 /* Blackjack */ = {
			isa = PBXNativeTarget;
			buildConfigurationList = 8EA18DBC1F820B6200069D64 /* Build configuration list for PBXNativeTarget "Blackjack" */;
			buildPhases = (
				8EA18D8A1F820B6100069D64 /* Sources */,
				8EA18D8B1F820B6100069D64 /* Frameworks */,
				8EA18D8C1F820B6100069D64 /* Resources */,
			);
			buildRules = (
			);
			dependencies = (
			);
			name = Blackjack;
			productName = Blackjack;
			productReference = 8EA18D8E1F820B6100069D64 /* Blackjack.app */;
			productType = "com.apple.product-type.application";
		};
		8EA18DA71F820B6200069D64 /* BlackjackTests */ = {
			isa = PBXNativeTarget;
			buildConfigurationList = 8EA18DBF1F820B6200069D64 /* Build configuration list for PBXNativeTarget "BlackjackTests" */;
			buildPhases = (
				8EA18DA41F820B6200069D64 /* Sources */,
				8EA18DA51F820B6200069D64 /* Frameworks */,
				8EA18DA61F820B6200069D64 /* Resources */,
			);
			buildRules = (
			);
			dependencies = (
				8EA18DAA1F820B6200069D64 /* PBXTargetDependency */,
			);
			name = BlackjackTests;
			productName = BlackjackTests;
			productReference = 8EA18DA81F820B6200069D64 /* BlackjackTests.xctest */;
			productType = "com.apple.product-type.bundle.unit-test";
		};
		8EA18DB21F820B6200069D64 /* BlackjackUITests */ = {
			isa = PBXNativeTarget;
			buildConfigurationList = 8EA18DC21F820B6200069D64 /* Build configuration list for PBXNativeTarget "BlackjackUITests" */;
			buildPhases = (
				8EA18DAF1F820B6200069D64 /* Sources */,
				8EA18DB01F820B6200069D64 /* Frameworks */,
				8EA18DB11F820B6200069D64 /* Resources */,
			);
			buildRules = (
			);
			dependencies = (
				8EA18DB51F820B6200069D64 /* PBXTargetDependency */,
			);
			name = BlackjackUITests;
			productName = BlackjackUITests;
			productReference = 8EA18DB31F820B6200069D64 /* BlackjackUITests.xctest */;
			productType = "com.apple.product-type.bundle.ui-testing";
		};
/* End PBXNativeTarget section */

/* Begin PBXProject section */
		8EA18D861F820B6100069D64 /* Project object */ = {
			isa = PBXProject;
			attributes = {
				LastSwiftUpdateCheck = 0830;
				LastUpgradeCheck = 0830;
				ORGANIZATIONNAME = "Korman Chen";
				TargetAttributes = {
					8EA18D8D1F820B6100069D64 = {
						CreatedOnToolsVersion = 8.3.3;
						ProvisioningStyle = Automatic;
					};
					8EA18DA71F820B6200069D64 = {
						CreatedOnToolsVersion = 8.3.3;
						ProvisioningStyle = Automatic;
						TestTargetID = 8EA18D8D1F820B6100069D64;
					};
					8EA18DB21F820B6200069D64 = {
						CreatedOnToolsVersion = 8.3.3;
						ProvisioningStyle = Automatic;
						TestTargetID = 8EA18D8D1F820B6100069D64;
					};
				};
			};
			buildConfigurationList = 8EA18D891F820B6100069D64 /* Build configuration list for PBXProject "Blackjack" */;
			compatibilityVersion = "Xcode 3.2";
			developmentRegion = English;
			hasScannedForEncodings = 0;
			knownRegions = (
				en,
				Base,
			);
			mainGroup = 8EA18D851F820B6100069D64;
			productRefGroup = 8EA18D8F1F820B6100069D64 /* Products */;
			projectDirPath = "";
			projectRoot = "";
			targets = (
				8EA18D8D1F820B6100069D64 /* Blackjack */,
				8EA18DA71F820B6200069D64 /* BlackjackTests */,
				8EA18DB21F820B6200069D64 /* BlackjackUITests */,
			);
		};
/* End PBXProject section */

/* Begin PBXResourcesBuildPhase section */
		8EA18D8C1F820B6100069D64 /* Resources */ = {
			isa = PBXResourcesBuildPhase;
			buildActionMask = 2147483647;
			files = (
				8EA18D9D1F820B6200069D64 /* Main.storyboard in Resources */,
				8EA18D941F820B6200069D64 /* GameScene.sks in Resources */,
				8EA18D9F1F820B6200069D64 /* Assets.xcassets in Resources */,
				8EA18DA21F820B6200069D64 /* LaunchScreen.storyboard in Resources */,
				8EA18D961F820B6200069D64 /* Actions.sks in Resources */,
			);
			runOnlyForDeploymentPostprocessing = 0;
		};
		8EA18DA61F820B6200069D64 /* Resources */ = {
			isa = PBXResourcesBuildPhase;
			buildActionMask = 2147483647;
			files = (
			);
			runOnlyForDeploymentPostprocessing = 0;
		};
		8EA18DB11F820B6200069D64 /* Resources */ = {
			isa = PBXResourcesBuildPhase;
			buildActionMask = 2147483647;
			files = (
			);
			runOnlyForDeploymentPostprocessing = 0;
		};
/* End PBXResourcesBuildPhase section */

/* Begin PBXSourcesBuildPhase section */
		8EA18D8A1F820B6100069D64 /* Sources */ = {
			isa = PBXSourcesBuildPhase;
			buildActionMask = 2147483647;
			files = (
				8E9252E81F837C6900991683 /* Deck.swift in Sources */,
				8EA18D981F820B6200069D64 /* GameScene.swift in Sources */,
				8E860EEC1F87F2D5009B3D2E /* IntroViewController.swift in Sources */,
				8EA18D9A1F820B6200069D64 /* GameViewController.swift in Sources */,
				8E07F0BF1F8470AB00CC2235 /* Card.swift in Sources */,
				8EE9E0691F869EA10022973B /* Player.swift in Sources */,
				8EA18D921F820B6100069D64 /* AppDelegate.swift in Sources */,
			);
			runOnlyForDeploymentPostprocessing = 0;
		};
		8EA18DA41F820B6200069D64 /* Sources */ = {
			isa = PBXSourcesBuildPhase;
			buildActionMask = 2147483647;
			files = (
				8EA18DAD1F820B6200069D64 /* BlackjackTests.swift in Sources */,
			);
			runOnlyForDeploymentPostprocessing = 0;
		};
		8EA18DAF1F820B6200069D64 /* Sources */ = {
			isa = PBXSourcesBuildPhase;
			buildActionMask = 2147483647;
			files = (
				8EA18DB81F820B6200069D64 /* BlackjackUITests.swift in Sources */,
			);
			runOnlyForDeploymentPostprocessing = 0;
		};
/* End PBXSourcesBuildPhase section */

/* Begin PBXTargetDependency section */
		8EA18DAA1F820B6200069D64 /* PBXTargetDependency */ = {
			isa = PBXTargetDependency;
			target = 8EA18D8D1F820B6100069D64 /* Blackjack */;
			targetProxy = 8EA18DA91F820B6200069D64 /* PBXContainerItemProxy */;
		};
		8EA18DB51F820B6200069D64 /* PBXTargetDependency */ = {
			isa = PBXTargetDependency;
			target = 8EA18D8D1F820B6100069D64 /* Blackjack */;
			targetProxy = 8EA18DB41F820B6200069D64 /* PBXContainerItemProxy */;
		};
/* End PBXTargetDependency section */

/* Begin PBXVariantGroup section */
		8EA18D9B1F820B6200069D64 /* Main.storyboard */ = {
			isa = PBXVariantGroup;
			children = (
				8EA18D9C1F820B6200069D64 /* Base */,
			);
			name = Main.storyboard;
			sourceTree = "<group>";
		};
		8EA18DA01F820B6200069D64 /* LaunchScreen.storyboard */ = {
			isa = PBXVariantGroup;
			children = (
				8EA18DA11F820B6200069D64 /* Base */,
			);
			name = LaunchScreen.storyboard;
			sourceTree = "<group>";
		};
/* End PBXVariantGroup section */

/* Begin XCBuildConfiguration section */
		8EA18DBA1F820B6200069D64 /* Debug */ = {
			isa = XCBuildConfiguration;
			buildSettings = {
				ALWAYS_SEARCH_USER_PATHS = NO;
				CLANG_ANALYZER_NONNULL = YES;
				CLANG_ANALYZER_NUMBER_OBJECT_CONVERSION = YES_AGGRESSIVE;
				CLANG_CXX_LANGUAGE_STANDARD = "gnu++0x";
				CLANG_CXX_LIBRARY = "libc++";
				CLANG_ENABLE_MODULES = YES;
				CLANG_ENABLE_OBJC_ARC = YES;
				CLANG_WARN_BOOL_CONVERSION = YES;
				CLANG_WARN_CONSTANT_CONVERSION = YES;
				CLANG_WARN_DIRECT_OBJC_ISA_USAGE = YES_ERROR;
				CLANG_WARN_DOCUMENTATION_COMMENTS = YES;
				CLANG_WARN_EMPTY_BODY = YES;
				CLANG_WARN_ENUM_CONVERSION = YES;
				CLANG_WARN_INFINITE_RECURSION = YES;
				CLANG_WARN_INT_CONVERSION = YES;
				CLANG_WARN_OBJC_ROOT_CLASS = YES_ERROR;
				CLANG_WARN_SUSPICIOUS_MOVE = YES;
				CLANG_WARN_UNREACHABLE_CODE = YES;
				CLANG_WARN__DUPLICATE_METHOD_MATCH = YES;
				"CODE_SIGN_IDENTITY[sdk=iphoneos*]" = "iPhone Developer";
				COPY_PHASE_STRIP = NO;
				DEBUG_INFORMATION_FORMAT = dwarf;
				ENABLE_STRICT_OBJC_MSGSEND = YES;
				ENABLE_TESTABILITY = YES;
				GCC_C_LANGUAGE_STANDARD = gnu99;
				GCC_DYNAMIC_NO_PIC = NO;
				GCC_NO_COMMON_BLOCKS = YES;
				GCC_OPTIMIZATION_LEVEL = 0;
				GCC_PREPROCESSOR_DEFINITIONS = (
					"DEBUG=1",
					"$(inherited)",
				);
				GCC_WARN_64_TO_32_BIT_CONVERSION = YES;
				GCC_WARN_ABOUT_RETURN_TYPE = YES_ERROR;
				GCC_WARN_UNDECLARED_SELECTOR = YES;
				GCC_WARN_UNINITIALIZED_AUTOS = YES_AGGRESSIVE;
				GCC_WARN_UNUSED_FUNCTION = YES;
				GCC_WARN_UNUSED_VARIABLE = YES;
				IPHONEOS_DEPLOYMENT_TARGET = 10.3;
				MTL_ENABLE_DEBUG_INFO = YES;
				ONLY_ACTIVE_ARCH = YES;
				SDKROOT = iphoneos;
				SWIFT_ACTIVE_COMPILATION_CONDITIONS = DEBUG;
				SWIFT_OPTIMIZATION_LEVEL = "-Onone";
			};
			name = Debug;
		};
		8EA18DBB1F820B6200069D64 /* Release */ = {
			isa = XCBuildConfiguration;
			buildSettings = {
				ALWAYS_SEARCH_USER_PATHS = NO;
				CLANG_ANALYZER_NONNULL = YES;
				CLANG_ANALYZER_NUMBER_OBJECT_CONVERSION = YES_AGGRESSIVE;
				CLANG_CXX_LANGUAGE_STANDARD = "gnu++0x";
				CLANG_CXX_LIBRARY = "libc++";
				CLANG_ENABLE_MODULES = YES;
				CLANG_ENABLE_OBJC_ARC = YES;
				CLANG_WARN_BOOL_CONVERSION = YES;
				CLANG_WARN_CONSTANT_CONVERSION = YES;
				CLANG_WARN_DIRECT_OBJC_ISA_USAGE = YES_ERROR;
				CLANG_WARN_DOCUMENTATION_COMMENTS = YES;
				CLANG_WARN_EMPTY_BODY = YES;
				CLANG_WARN_ENUM_CONVERSION = YES;
				CLANG_WARN_INFINITE_RECURSION = YES;
				CLANG_WARN_INT_CONVERSION = YES;
				CLANG_WARN_OBJC_ROOT_CLASS = YES_ERROR;
				CLANG_WARN_SUSPICIOUS_MOVE = YES;
				CLANG_WARN_UNREACHABLE_CODE = YES;
				CLANG_WARN__DUPLICATE_METHOD_MATCH = YES;
				"CODE_SIGN_IDENTITY[sdk=iphoneos*]" = "iPhone Developer";
				COPY_PHASE_STRIP = NO;
				DEBUG_INFORMATION_FORMAT = "dwarf-with-dsym";
				ENABLE_NS_ASSERTIONS = NO;
				ENABLE_STRICT_OBJC_MSGSEND = YES;
				GCC_C_LANGUAGE_STANDARD = gnu99;
				GCC_NO_COMMON_BLOCKS = YES;
				GCC_WARN_64_TO_32_BIT_CONVERSION = YES;
				GCC_WARN_ABOUT_RETURN_TYPE = YES_ERROR;
				GCC_WARN_UNDECLARED_SELECTOR = YES;
				GCC_WARN_UNINITIALIZED_AUTOS = YES_AGGRESSIVE;
				GCC_WARN_UNUSED_FUNCTION = YES;
				GCC_WARN_UNUSED_VARIABLE = YES;
				IPHONEOS_DEPLOYMENT_TARGET = 10.3;
				MTL_ENABLE_DEBUG_INFO = NO;
				SDKROOT = iphoneos;
				SWIFT_OPTIMIZATION_LEVEL = "-Owholemodule";
				VALIDATE_PRODUCT = YES;
			};
			name = Release;
		};
		8EA18DBD1F820B6200069D64 /* Debug */ = {
			isa = XCBuildConfiguration;
			buildSettings = {
				ASSETCATALOG_COMPILER_APPICON_NAME = AppIcon;
				INFOPLIST_FILE = Blackjack/Info.plist;
				LD_RUNPATH_SEARCH_PATHS = "$(inherited) @executable_path/Frameworks";
				PRODUCT_BUNDLE_IDENTIFIER = KormanChen.Blackjack;
				PRODUCT_NAME = "$(TARGET_NAME)";
				SWIFT_VERSION = 3.0;
			};
			name = Debug;
		};
		8EA18DBE1F820B6200069D64 /* Release */ = {
			isa = XCBuildConfiguration;
			buildSettings = {
				ASSETCATALOG_COMPILER_APPICON_NAME = AppIcon;
				INFOPLIST_FILE = Blackjack/Info.plist;
				LD_RUNPATH_SEARCH_PATHS = "$(inherited) @executable_path/Frameworks";
				PRODUCT_BUNDLE_IDENTIFIER = KormanChen.Blackjack;
				PRODUCT_NAME = "$(TARGET_NAME)";
				SWIFT_VERSION = 3.0;
			};
			name = Release;
		};
		8EA18DC01F820B6200069D64 /* Debug */ = {
			isa = XCBuildConfiguration;
			buildSettings = {
				ALWAYS_EMBED_SWIFT_STANDARD_LIBRARIES = YES;
				BUNDLE_LOADER = "$(TEST_HOST)";
				INFOPLIST_FILE = BlackjackTests/Info.plist;
				LD_RUNPATH_SEARCH_PATHS = "$(inherited) @executable_path/Frameworks @loader_path/Frameworks";
				PRODUCT_BUNDLE_IDENTIFIER = KormanChen.BlackjackTests;
				PRODUCT_NAME = "$(TARGET_NAME)";
				SWIFT_VERSION = 3.0;
				TEST_HOST = "$(BUILT_PRODUCTS_DIR)/Blackjack.app/Blackjack";
			};
			name = Debug;
		};
		8EA18DC11F820B6200069D64 /* Release */ = {
			isa = XCBuildConfiguration;
			buildSettings = {
				ALWAYS_EMBED_SWIFT_STANDARD_LIBRARIES = YES;
				BUNDLE_LOADER = "$(TEST_HOST)";
				INFOPLIST_FILE = BlackjackTests/Info.plist;
				LD_RUNPATH_SEARCH_PATHS = "$(inherited) @executable_path/Frameworks @loader_path/Frameworks";
				PRODUCT_BUNDLE_IDENTIFIER = KormanChen.BlackjackTests;
				PRODUCT_NAME = "$(TARGET_NAME)";
				SWIFT_VERSION = 3.0;
				TEST_HOST = "$(BUILT_PRODUCTS_DIR)/Blackjack.app/Blackjack";
			};
			name = Release;
		};
		8EA18DC31F820B6200069D64 /* Debug */ = {
			isa = XCBuildConfiguration;
			buildSettings = {
				ALWAYS_EMBED_SWIFT_STANDARD_LIBRARIES = YES;
				INFOPLIST_FILE = BlackjackUITests/Info.plist;
				LD_RUNPATH_SEARCH_PATHS = "$(inherited) @executable_path/Frameworks @loader_path/Frameworks";
				PRODUCT_BUNDLE_IDENTIFIER = KormanChen.BlackjackUITests;
				PRODUCT_NAME = "$(TARGET_NAME)";
				SWIFT_VERSION = 3.0;
				TEST_TARGET_NAME = Blackjack;
			};
			name = Debug;
		};
		8EA18DC41F820B6200069D64 /* Release */ = {
			isa = XCBuildConfiguration;
			buildSettings = {
				ALWAYS_EMBED_SWIFT_STANDARD_LIBRARIES = YES;
				INFOPLIST_FILE = BlackjackUITests/Info.plist;
				LD_RUNPATH_SEARCH_PATHS = "$(inherited) @executable_path/Frameworks @loader_path/Frameworks";
				PRODUCT_BUNDLE_IDENTIFIER = KormanChen.BlackjackUITests;
				PRODUCT_NAME = "$(TARGET_NAME)";
				SWIFT_VERSION = 3.0;
				TEST_TARGET_NAME = Blackjack;
			};
			name = Release;
		};
/* End XCBuildConfiguration section */

/* Begin XCConfigurationList section */
		8EA18D891F820B6100069D64 /* Build configuration list for PBXProject "Blackjack" */ = {
			isa = XCConfigurationList;
			buildConfigurations = (
				8EA18DBA1F820B6200069D64 /* Debug */,
				8EA18DBB1F820B6200069D64 /* Release */,
			);
			defaultConfigurationIsVisible = 0;
			defaultConfigurationName = Release;
		};
		8EA18DBC1F820B6200069D64 /* Build configuration list for PBXNativeTarget "Blackjack" */ = {
			isa = XCConfigurationList;
			buildConfigurations = (
				8EA18DBD1F820B6200069D64 /* Debug */,
				8EA18DBE1F820B6200069D64 /* Release */,
			);
			defaultConfigurationIsVisible = 0;
			defaultConfigurationName = Release;
		};
		8EA18DBF1F820B6200069D64 /* Build configuration list for PBXNativeTarget "BlackjackTests" */ = {
			isa = XCConfigurationList;
			buildConfigurations = (
				8EA18DC01F820B6200069D64 /* Debug */,
				8EA18DC11F820B6200069D64 /* Release */,
			);
			defaultConfigurationIsVisible = 0;
			defaultConfigurationName = Release;
		};
		8EA18DC21F820B6200069D64 /* Build configuration list for PBXNativeTarget "BlackjackUITests" */ = {
			isa = XCConfigurationList;
			buildConfigurations = (
				8EA18DC31F820B6200069D64 /* Debug */,
				8EA18DC41F820B6200069D64 /* Release */,
			);
			defaultConfigurationIsVisible = 0;
			defaultConfigurationName = Release;
		};
/* End XCConfigurationList section */
	};
	rootObject = 8EA18D861F820B6100069D64 /* Project object */;
}
